
Microsoft Visual Studio Solution File, Format Version 12.00
# Visual Studio Version 16
VisualStudioVersion = 16.0.32228.343
MinimumVisualStudioVersion = 10.0.40219.1
Project("{FAE04EC0-301F-11D3-BF4B-00C04F79EFBC}") = "HospitalWeb", "HospitalWeb\HospitalWeb.csproj", "{104F67F0-AA50-4616-BAAB-BFEAB4DFC05F}"
EndProject
Project("{FAE04EC0-301F-11D3-BF4B-00C04F79EFBC}") = "Class", "Class\Class.csproj", "{E62D4C4F-AE45-4D16-813D-DFC5732AFD0C}"
EndProject
Project("{FAE04EC0-301F-11D3-BF4B-00C04F79EFBC}") = "Database", "Databasa\Database.csproj", "{CDEB670F-BFD2-42E8-B006-F5354274BA72}"
EndProject
Global
	GlobalSection(SolutionConfigurationPlatforms) = preSolution
		Debug|Any CPU = Debug|Any CPU
		Release|Any CPU = Release|Any CPU
	EndGlobalSection
	GlobalSection(ProjectConfigurationPlatforms) = postSolution
		{104F67F0-AA50-4616-BAAB-BFEAB4DFC05F}.Debug|Any CPU.ActiveCfg = Debug|Any CPU
		{104F67F0-AA50-4616-BAAB-BFEAB4DFC05F}.Debug|Any CPU.Build.0 = Debug|Any CPU
		{104F67F0-AA50-4616-BAAB-BFEAB4DFC05F}.Release|Any CPU.ActiveCfg = Release|Any CPU
		{104F67F0-AA50-4616-BAAB-BFEAB4DFC05F}.Release|Any CPU.Build.0 = Release|Any CPU
		{E62D4C4F-AE45-4D16-813D-DFC5732AFD0C}.Debug|Any CPU.ActiveCfg = Debug|Any CPU
		{E62D4C4F-AE45-4D16-813D-DFC5732AFD0C}.Debug|Any CPU.Build.0 = Debug|Any CPU
		{E62D4C4F-AE45-4D16-813D-DFC5732AFD0C}.Release|Any CPU.ActiveCfg = Release|Any CPU
		{E62D4C4F-AE45-4D16-813D-DFC5732AFD0C}.Release|Any CPU.Build.0 = Release|Any CPU
		{CDEB670F-BFD2-42E8-B006-F5354274BA72}.Debug|Any CPU.ActiveCfg = Debug|Any CPU
		{CDEB670F-BFD2-42E8-B006-F5354274BA72}.Debug|Any CPU.Build.0 = Debug|Any CPU
		{CDEB670F-BFD2-42E8-B006-F5354274BA72}.Release|Any CPU.ActiveCfg = Release|Any CPU
		{CDEB670F-BFD2-42E8-B006-F5354274BA72}.Release|Any CPU.Build.0 = Release|Any CPU
	EndGlobalSection
	GlobalSection(SolutionProperties) = preSolution
		HideSolutionNode = FALSE
	EndGlobalSection
	GlobalSection(ExtensibilityGlobals) = postSolution
		SolutionGuid = {808AB215-78FE-4F05-9250-BB118113C340}
	EndGlobalSection
EndGlobal
